// !$*UTF8*$!
{
	archiveVersion = 1;
	classes = {
	};
	objectVersion = 46;
	objects = {

/* Begin PBXBuildFile section */
		F28F8DEE15E4494F0091EF47 /* FlickrPhotoAnnotation.m in Sources */ = {isa = PBXBuildFile; fileRef = F28F8DEB15E4494F0091EF47 /* FlickrPhotoAnnotation.m */; };
		F28F8DEF15E4494F0091EF47 /* FlickrPlaceAnnotation.m in Sources */ = {isa = PBXBuildFile; fileRef = F28F8DED15E4494F0091EF47 /* FlickrPlaceAnnotation.m */; };
		F28F8DF915E4498C0091EF47 /* PhotoMapViewController.m in Sources */ = {isa = PBXBuildFile; fileRef = F28F8DF115E4498B0091EF47 /* PhotoMapViewController.m */; };
		F28F8DFA15E4498C0091EF47 /* Placeholder.png in Resources */ = {isa = PBXBuildFile; fileRef = F28F8DF215E4498B0091EF47 /* Placeholder.png */; };
		F28F8DFB15E4498C0091EF47 /* PlaceMapViewController.m in Sources */ = {isa = PBXBuildFile; fileRef = F28F8DF415E4498C0091EF47 /* PlaceMapViewController.m */; };
		F28F8DFC15E4498C0091EF47 /* RecentsStore.m in Sources */ = {isa = PBXBuildFile; fileRef = F28F8DF615E4498C0091EF47 /* RecentsStore.m */; };
		F28F8DFD15E4498C0091EF47 /* RecentsTableViewController.m in Sources */ = {isa = PBXBuildFile; fileRef = F28F8DF815E4498C0091EF47 /* RecentsTableViewController.m */; };
		F28F8E0015E44A5D0091EF47 /* FlickrPhotoViewController.m in Sources */ = {isa = PBXBuildFile; fileRef = F28F8DFF15E44A5D0091EF47 /* FlickrPhotoViewController.m */; };
		F28F8E0615E456E70091EF47 /* TopPlacesTableViewController.m in Sources */ = {isa = PBXBuildFile; fileRef = F28F8E0415E456E70091EF47 /* TopPlacesTableViewController.m */; };
		F28F8E0815E4590E0091EF47 /* MapKit.framework in Frameworks */ = {isa = PBXBuildFile; fileRef = F28F8E0715E4590E0091EF47 /* MapKit.framework */; };
		F28F8E0A15E4592D0091EF47 /* CoreLocation.framework in Frameworks */ = {isa = PBXBuildFile; fileRef = F28F8E0915E4592D0091EF47 /* CoreLocation.framework */; };
		F28F8E0D15E45A390091EF47 /* PlaceTableViewController.m in Sources */ = {isa = PBXBuildFile; fileRef = F28F8E0C15E45A390091EF47 /* PlaceTableViewController.m */; };
		F28F8E1915E46A430091EF47 /* PhotoTableViewController.m in Sources */ = {isa = PBXBuildFile; fileRef = F28F8E1815E46A430091EF47 /* PhotoTableViewController.m */; };
		F28F8E2515E4780F0091EF47 /* Default.png in Resources */ = {isa = PBXBuildFile; fileRef = F28F8E1C15E4780F0091EF47 /* Default.png */; };
		F28F8E2615E4780F0091EF47 /* Default@2x.png in Resources */ = {isa = PBXBuildFile; fileRef = F28F8E1D15E4780F0091EF47 /* Default@2x.png */; };
		F28F8E2715E4780F0091EF47 /* Icon-72.png in Resources */ = {isa = PBXBuildFile; fileRef = F28F8E1E15E4780F0091EF47 /* Icon-72.png */; };
		F28F8E2815E4780F0091EF47 /* Icon-Small-50.png in Resources */ = {isa = PBXBuildFile; fileRef = F28F8E1F15E4780F0091EF47 /* Icon-Small-50.png */; };
		F28F8E2915E4780F0091EF47 /* Icon-Small.png in Resources */ = {isa = PBXBuildFile; fileRef = F28F8E2015E4780F0091EF47 /* Icon-Small.png */; };
		F28F8E2A15E4780F0091EF47 /* Icon-Small@2x.png in Resources */ = {isa = PBXBuildFile; fileRef = F28F8E2115E4780F0091EF47 /* Icon-Small@2x.png */; };
		F28F8E2B15E4780F0091EF47 /* Icon.png in Resources */ = {isa = PBXBuildFile; fileRef = F28F8E2215E4780F0091EF47 /* Icon.png */; };
		F28F8E2C15E4780F0091EF47 /* Icon@2x.png in Resources */ = {isa = PBXBuildFile; fileRef = F28F8E2315E4780F0091EF47 /* Icon@2x.png */; };
		F28F8E2D15E4780F0091EF47 /* iTunesArtwork in Resources */ = {isa = PBXBuildFile; fileRef = F28F8E2415E4780F0091EF47 /* iTunesArtwork */; };
		F28F8E3815E47CA60091EF47 /* ImageViewController.m in Sources */ = {isa = PBXBuildFile; fileRef = F28F8E3715E47CA60091EF47 /* ImageViewController.m */; };
		F28F8E3B15E484560091EF47 /* VritualVacations.xcdatamodeld in Sources */ = {isa = PBXBuildFile; fileRef = F28F8E3915E484560091EF47 /* VritualVacations.xcdatamodeld */; };
		F28F8E4515E486720091EF47 /* Photo+Flickr.m in Sources */ = {isa = PBXBuildFile; fileRef = F28F8E4415E486720091EF47 /* Photo+Flickr.m */; };
		F28F8E4815E487590091EF47 /* Place+Create.m in Sources */ = {isa = PBXBuildFile; fileRef = F28F8E4715E487590091EF47 /* Place+Create.m */; };
		F28F8E5D15E496400091EF47 /* VacationDocumentTableViewController.m in Sources */ = {isa = PBXBuildFile; fileRef = F28F8E5C15E496400091EF47 /* VacationDocumentTableViewController.m */; };
		F28F8E6015E499900091EF47 /* VacationDocumentTypeViewController.m in Sources */ = {isa = PBXBuildFile; fileRef = F28F8E5F15E4998F0091EF47 /* VacationDocumentTypeViewController.m */; };
		F28F8E6315E4A1CF0091EF47 /* ItineraryTableViewController.m in Sources */ = {isa = PBXBuildFile; fileRef = F28F8E6215E4A1CE0091EF47 /* ItineraryTableViewController.m */; };
		F28F8E6615E4A1EB0091EF47 /* TagSearchTableViewController.m in Sources */ = {isa = PBXBuildFile; fileRef = F28F8E6515E4A1EB0091EF47 /* TagSearchTableViewController.m */; };
		F28F8E8D15E4FB070091EF47 /* Tag+Create.m in Sources */ = {isa = PBXBuildFile; fileRef = F28F8E8C15E4FB060091EF47 /* Tag+Create.m */; };
		F28F8E9015E4FC4B0091EF47 /* Tag.m in Sources */ = {isa = PBXBuildFile; fileRef = F28F8E8F15E4FC4A0091EF47 /* Tag.m */; };
		F28F8E9315E4FC4D0091EF47 /* Photo.m in Sources */ = {isa = PBXBuildFile; fileRef = F28F8E9215E4FC4D0091EF47 /* Photo.m */; };
		F28F8E9615E4FC4F0091EF47 /* Place.m in Sources */ = {isa = PBXBuildFile; fileRef = F28F8E9515E4FC4E0091EF47 /* Place.m */; };
		F28F8E9D15E51AA00091EF47 /* checked.png in Resources */ = {isa = PBXBuildFile; fileRef = F28F8E9B15E51AA00091EF47 /* checked.png */; };
		F28F8E9E15E51AA00091EF47 /* unchecked.png in Resources */ = {isa = PBXBuildFile; fileRef = F28F8E9C15E51AA00091EF47 /* unchecked.png */; };
		F296864B15D3FF3F0009238C /* CoreDataTableViewController.m in Sources */ = {isa = PBXBuildFile; fileRef = F296864A15D3FF3F0009238C /* CoreDataTableViewController.m */; };
		F296865015D3FF540009238C /* FlickrFetcher.m in Sources */ = {isa = PBXBuildFile; fileRef = F296864F15D3FF540009238C /* FlickrFetcher.m */; };
		F2E585C115D3FCEB00198F57 /* UIKit.framework in Frameworks */ = {isa = PBXBuildFile; fileRef = F2E585C015D3FCEB00198F57 /* UIKit.framework */; };
		F2E585C315D3FCEB00198F57 /* Foundation.framework in Frameworks */ = {isa = PBXBuildFile; fileRef = F2E585C215D3FCEB00198F57 /* Foundation.framework */; };
		F2E585C515D3FCEB00198F57 /* CoreGraphics.framework in Frameworks */ = {isa = PBXBuildFile; fileRef = F2E585C415D3FCEB00198F57 /* CoreGraphics.framework */; };
		F2E585CB15D3FCEB00198F57 /* InfoPlist.strings in Resources */ = {isa = PBXBuildFile; fileRef = F2E585C915D3FCEB00198F57 /* InfoPlist.strings */; };
		F2E585CD15D3FCEB00198F57 /* main.m in Sources */ = {isa = PBXBuildFile; fileRef = F2E585CC15D3FCEB00198F57 /* main.m */; };
		F2E585D115D3FCEB00198F57 /* AppDelegate.m in Sources */ = {isa = PBXBuildFile; fileRef = F2E585D015D3FCEB00198F57 /* AppDelegate.m */; };
		F2E585D415D3FCEB00198F57 /* MainStoryboard.storyboard in Resources */ = {isa = PBXBuildFile; fileRef = F2E585D215D3FCEB00198F57 /* MainStoryboard.storyboard */; };
		F2E585E215D3FE1500198F57 /* CoreData.framework in Frameworks */ = {isa = PBXBuildFile; fileRef = F2E585E115D3FE1500198F57 /* CoreData.framework */; };
/* End PBXBuildFile section */

/* Begin PBXFileReference section */
		F28F8DEA15E4494F0091EF47 /* FlickrPhotoAnnotation.h */ = {isa = PBXFileReference; fileEncoding = 4; lastKnownFileType = sourcecode.c.h; path = FlickrPhotoAnnotation.h; sourceTree = "<group>"; };
		F28F8DEB15E4494F0091EF47 /* FlickrPhotoAnnotation.m */ = {isa = PBXFileReference; fileEncoding = 4; lastKnownFileType = sourcecode.c.objc; path = FlickrPhotoAnnotation.m; sourceTree = "<group>"; };
		F28F8DEC15E4494F0091EF47 /* FlickrPlaceAnnotation.h */ = {isa = PBXFileReference; fileEncoding = 4; lastKnownFileType = sourcecode.c.h; path = FlickrPlaceAnnotation.h; sourceTree = "<group>"; };
		F28F8DED15E4494F0091EF47 /* FlickrPlaceAnnotation.m */ = {isa = PBXFileReference; fileEncoding = 4; lastKnownFileType = sourcecode.c.objc; path = FlickrPlaceAnnotation.m; sourceTree = "<group>"; };
		F28F8DF015E4498B0091EF47 /* PhotoMapViewController.h */ = {isa = PBXFileReference; fileEncoding = 4; lastKnownFileType = sourcecode.c.h; path = PhotoMapViewController.h; sourceTree = "<group>"; };
		F28F8DF115E4498B0091EF47 /* PhotoMapViewController.m */ = {isa = PBXFileReference; fileEncoding = 4; lastKnownFileType = sourcecode.c.objc; path = PhotoMapViewController.m; sourceTree = "<group>"; };
		F28F8DF215E4498B0091EF47 /* Placeholder.png */ = {isa = PBXFileReference; lastKnownFileType = image.png; path = Placeholder.png; sourceTree = "<group>"; };
		F28F8DF315E4498B0091EF47 /* PlaceMapViewController.h */ = {isa = PBXFileReference; fileEncoding = 4; lastKnownFileType = sourcecode.c.h; path = PlaceMapViewController.h; sourceTree = "<group>"; };
		F28F8DF415E4498C0091EF47 /* PlaceMapViewController.m */ = {isa = PBXFileReference; fileEncoding = 4; lastKnownFileType = sourcecode.c.objc; path = PlaceMapViewController.m; sourceTree = "<group>"; };
		F28F8DF515E4498C0091EF47 /* RecentsStore.h */ = {isa = PBXFileReference; fileEncoding = 4; lastKnownFileType = sourcecode.c.h; path = RecentsStore.h; sourceTree = "<group>"; };
		F28F8DF615E4498C0091EF47 /* RecentsStore.m */ = {isa = PBXFileReference; fileEncoding = 4; lastKnownFileType = sourcecode.c.objc; path = RecentsStore.m; sourceTree = "<group>"; };
		F28F8DF715E4498C0091EF47 /* RecentsTableViewController.h */ = {isa = PBXFileReference; fileEncoding = 4; lastKnownFileType = sourcecode.c.h; path = RecentsTableViewController.h; sourceTree = "<group>"; };
		F28F8DF815E4498C0091EF47 /* RecentsTableViewController.m */ = {isa = PBXFileReference; fileEncoding = 4; lastKnownFileType = sourcecode.c.objc; path = RecentsTableViewController.m; sourceTree = "<group>"; };
		F28F8DFE15E44A5D0091EF47 /* FlickrPhotoViewController.h */ = {isa = PBXFileReference; fileEncoding = 4; lastKnownFileType = sourcecode.c.h; path = FlickrPhotoViewController.h; sourceTree = "<group>"; };
		F28F8DFF15E44A5D0091EF47 /* FlickrPhotoViewController.m */ = {isa = PBXFileReference; fileEncoding = 4; lastKnownFileType = sourcecode.c.objc; path = FlickrPhotoViewController.m; sourceTree = "<group>"; };
		F28F8E0315E456E70091EF47 /* TopPlacesTableViewController.h */ = {isa = PBXFileReference; fileEncoding = 4; lastKnownFileType = sourcecode.c.h; path = TopPlacesTableViewController.h; sourceTree = "<group>"; };
		F28F8E0415E456E70091EF47 /* TopPlacesTableViewController.m */ = {isa = PBXFileReference; fileEncoding = 4; lastKnownFileType = sourcecode.c.objc; path = TopPlacesTableViewController.m; sourceTree = "<group>"; };
		F28F8E0715E4590E0091EF47 /* MapKit.framework */ = {isa = PBXFileReference; lastKnownFileType = wrapper.framework; name = MapKit.framework; path = System/Library/Frameworks/MapKit.framework; sourceTree = SDKROOT; };
		F28F8E0915E4592D0091EF47 /* CoreLocation.framework */ = {isa = PBXFileReference; lastKnownFileType = wrapper.framework; name = CoreLocation.framework; path = System/Library/Frameworks/CoreLocation.framework; sourceTree = SDKROOT; };
		F28F8E0B15E45A390091EF47 /* PlaceTableViewController.h */ = {isa = PBXFileReference; fileEncoding = 4; lastKnownFileType = sourcecode.c.h; path = PlaceTableViewController.h; sourceTree = "<group>"; };
		F28F8E0C15E45A390091EF47 /* PlaceTableViewController.m */ = {isa = PBXFileReference; fileEncoding = 4; lastKnownFileType = sourcecode.c.objc; path = PlaceTableViewController.m; sourceTree = "<group>"; };
		F28F8E1715E46A430091EF47 /* PhotoTableViewController.h */ = {isa = PBXFileReference; fileEncoding = 4; lastKnownFileType = sourcecode.c.h; path = PhotoTableViewController.h; sourceTree = "<group>"; };
		F28F8E1815E46A430091EF47 /* PhotoTableViewController.m */ = {isa = PBXFileReference; fileEncoding = 4; lastKnownFileType = sourcecode.c.objc; path = PhotoTableViewController.m; sourceTree = "<group>"; };
		F28F8E1C15E4780F0091EF47 /* Default.png */ = {isa = PBXFileReference; lastKnownFileType = image.png; path = Default.png; sourceTree = "<group>"; };
		F28F8E1D15E4780F0091EF47 /* Default@2x.png */ = {isa = PBXFileReference; lastKnownFileType = image.png; path = "Default@2x.png"; sourceTree = "<group>"; };
		F28F8E1E15E4780F0091EF47 /* Icon-72.png */ = {isa = PBXFileReference; lastKnownFileType = image.png; path = "Icon-72.png"; sourceTree = "<group>"; };
		F28F8E1F15E4780F0091EF47 /* Icon-Small-50.png */ = {isa = PBXFileReference; lastKnownFileType = image.png; path = "Icon-Small-50.png"; sourceTree = "<group>"; };
		F28F8E2015E4780F0091EF47 /* Icon-Small.png */ = {isa = PBXFileReference; lastKnownFileType = image.png; path = "Icon-Small.png"; sourceTree = "<group>"; };
		F28F8E2115E4780F0091EF47 /* Icon-Small@2x.png */ = {isa = PBXFileReference; lastKnownFileType = image.png; path = "Icon-Small@2x.png"; sourceTree = "<group>"; };
		F28F8E2215E4780F0091EF47 /* Icon.png */ = {isa = PBXFileReference; lastKnownFileType = image.png; path = Icon.png; sourceTree = "<group>"; };
		F28F8E2315E4780F0091EF47 /* Icon@2x.png */ = {isa = PBXFileReference; lastKnownFileType = image.png; path = "Icon@2x.png"; sourceTree = "<group>"; };
		F28F8E2415E4780F0091EF47 /* iTunesArtwork */ = {isa = PBXFileReference; lastKnownFileType = file; path = iTunesArtwork; sourceTree = "<group>"; };
		F28F8E3615E47CA60091EF47 /* ImageViewController.h */ = {isa = PBXFileReference; fileEncoding = 4; lastKnownFileType = sourcecode.c.h; path = ImageViewController.h; sourceTree = "<group>"; };
		F28F8E3715E47CA60091EF47 /* ImageViewController.m */ = {isa = PBXFileReference; fileEncoding = 4; lastKnownFileType = sourcecode.c.objc; path = ImageViewController.m; sourceTree = "<group>"; };
		F28F8E3A15E484560091EF47 /* VritualVacations.xcdatamodel */ = {isa = PBXFileReference; lastKnownFileType = wrapper.xcdatamodel; path = VritualVacations.xcdatamodel; sourceTree = "<group>"; };
		F28F8E4315E486720091EF47 /* Photo+Flickr.h */ = {isa = PBXFileReference; fileEncoding = 4; lastKnownFileType = sourcecode.c.h; path = "Photo+Flickr.h"; sourceTree = "<group>"; };
		F28F8E4415E486720091EF47 /* Photo+Flickr.m */ = {isa = PBXFileReference; fileEncoding = 4; lastKnownFileType = sourcecode.c.objc; path = "Photo+Flickr.m"; sourceTree = "<group>"; };
		F28F8E4615E487590091EF47 /* Place+Create.h */ = {isa = PBXFileReference; fileEncoding = 4; lastKnownFileType = sourcecode.c.h; path = "Place+Create.h"; sourceTree = "<group>"; };
		F28F8E4715E487590091EF47 /* Place+Create.m */ = {isa = PBXFileReference; fileEncoding = 4; lastKnownFileType = sourcecode.c.objc; path = "Place+Create.m"; sourceTree = "<group>"; };
		F28F8E5B15E4963F0091EF47 /* VacationDocumentTableViewController.h */ = {isa = PBXFileReference; fileEncoding = 4; lastKnownFileType = sourcecode.c.h; path = VacationDocumentTableViewController.h; sourceTree = "<group>"; };
		F28F8E5C15E496400091EF47 /* VacationDocumentTableViewController.m */ = {isa = PBXFileReference; fileEncoding = 4; lastKnownFileType = sourcecode.c.objc; path = VacationDocumentTableViewController.m; sourceTree = "<group>"; };
		F28F8E5E15E4998F0091EF47 /* VacationDocumentTypeViewController.h */ = {isa = PBXFileReference; fileEncoding = 4; lastKnownFileType = sourcecode.c.h; path = VacationDocumentTypeViewController.h; sourceTree = "<group>"; };
		F28F8E5F15E4998F0091EF47 /* VacationDocumentTypeViewController.m */ = {isa = PBXFileReference; fileEncoding = 4; lastKnownFileType = sourcecode.c.objc; path = VacationDocumentTypeViewController.m; sourceTree = "<group>"; };
		F28F8E6115E4A1CD0091EF47 /* ItineraryTableViewController.h */ = {isa = PBXFileReference; fileEncoding = 4; lastKnownFileType = sourcecode.c.h; path = ItineraryTableViewController.h; sourceTree = "<group>"; };
		F28F8E6215E4A1CE0091EF47 /* ItineraryTableViewController.m */ = {isa = PBXFileReference; fileEncoding = 4; lastKnownFileType = sourcecode.c.objc; path = ItineraryTableViewController.m; sourceTree = "<group>"; };
		F28F8E6415E4A1EA0091EF47 /* TagSearchTableViewController.h */ = {isa = PBXFileReference; fileEncoding = 4; lastKnownFileType = sourcecode.c.h; path = TagSearchTableViewController.h; sourceTree = "<group>"; };
		F28F8E6515E4A1EB0091EF47 /* TagSearchTableViewController.m */ = {isa = PBXFileReference; fileEncoding = 4; lastKnownFileType = sourcecode.c.objc; path = TagSearchTableViewController.m; sourceTree = "<group>"; };
		F28F8E8B15E4FB060091EF47 /* Tag+Create.h */ = {isa = PBXFileReference; fileEncoding = 4; lastKnownFileType = sourcecode.c.h; path = "Tag+Create.h"; sourceTree = "<group>"; };
		F28F8E8C15E4FB060091EF47 /* Tag+Create.m */ = {isa = PBXFileReference; fileEncoding = 4; lastKnownFileType = sourcecode.c.objc; path = "Tag+Create.m"; sourceTree = "<group>"; };
		F28F8E8E15E4FC4A0091EF47 /* Tag.h */ = {isa = PBXFileReference; fileEncoding = 4; lastKnownFileType = sourcecode.c.h; path = Tag.h; sourceTree = "<group>"; };
		F28F8E8F15E4FC4A0091EF47 /* Tag.m */ = {isa = PBXFileReference; fileEncoding = 4; lastKnownFileType = sourcecode.c.objc; path = Tag.m; sourceTree = "<group>"; };
		F28F8E9115E4FC4C0091EF47 /* Photo.h */ = {isa = PBXFileReference; fileEncoding = 4; lastKnownFileType = sourcecode.c.h; path = Photo.h; sourceTree = "<group>"; };
		F28F8E9215E4FC4D0091EF47 /* Photo.m */ = {isa = PBXFileReference; fileEncoding = 4; lastKnownFileType = sourcecode.c.objc; path = Photo.m; sourceTree = "<group>"; };
		F28F8E9415E4FC4E0091EF47 /* Place.h */ = {isa = PBXFileReference; fileEncoding = 4; lastKnownFileType = sourcecode.c.h; path = Place.h; sourceTree = "<group>"; };
		F28F8E9515E4FC4E0091EF47 /* Place.m */ = {isa = PBXFileReference; fileEncoding = 4; lastKnownFileType = sourcecode.c.objc; path = Place.m; sourceTree = "<group>"; };
		F28F8E9B15E51AA00091EF47 /* checked.png */ = {isa = PBXFileReference; lastKnownFileType = image.png; path = checked.png; sourceTree = "<group>"; };
		F28F8E9C15E51AA00091EF47 /* unchecked.png */ = {isa = PBXFileReference; lastKnownFileType = image.png; path = unchecked.png; sourceTree = "<group>"; };
		F296864915D3FF3F0009238C /* CoreDataTableViewController.h */ = {isa = PBXFileReference; fileEncoding = 4; lastKnownFileType = sourcecode.c.h; path = CoreDataTableViewController.h; sourceTree = "<group>"; };
		F296864A15D3FF3F0009238C /* CoreDataTableViewController.m */ = {isa = PBXFileReference; fileEncoding = 4; lastKnownFileType = sourcecode.c.objc; path = CoreDataTableViewController.m; sourceTree = "<group>"; };
		F296864D15D3FF540009238C /* FlickrAPIKey.h */ = {isa = PBXFileReference; fileEncoding = 4; lastKnownFileType = sourcecode.c.h; path = FlickrAPIKey.h; sourceTree = "<group>"; };
		F296864E15D3FF540009238C /* FlickrFetcher.h */ = {isa = PBXFileReference; fileEncoding = 4; lastKnownFileType = sourcecode.c.h; path = FlickrFetcher.h; sourceTree = "<group>"; };
		F296864F15D3FF540009238C /* FlickrFetcher.m */ = {isa = PBXFileReference; fileEncoding = 4; lastKnownFileType = sourcecode.c.objc; path = FlickrFetcher.m; sourceTree = "<group>"; };
		F2E585BC15D3FCEB00198F57 /* VirtualVacations.app */ = {isa = PBXFileReference; explicitFileType = wrapper.application; includeInIndex = 0; path = VirtualVacations.app; sourceTree = BUILT_PRODUCTS_DIR; };
		F2E585C015D3FCEB00198F57 /* UIKit.framework */ = {isa = PBXFileReference; lastKnownFileType = wrapper.framework; name = UIKit.framework; path = System/Library/Frameworks/UIKit.framework; sourceTree = SDKROOT; };
		F2E585C215D3FCEB00198F57 /* Foundation.framework */ = {isa = PBXFileReference; lastKnownFileType = wrapper.framework; name = Foundation.framework; path = System/Library/Frameworks/Foundation.framework; sourceTree = SDKROOT; };
		F2E585C415D3FCEB00198F57 /* CoreGraphics.framework */ = {isa = PBXFileReference; lastKnownFileType = wrapper.framework; name = CoreGraphics.framework; path = System/Library/Frameworks/CoreGraphics.framework; sourceTree = SDKROOT; };
		F2E585C815D3FCEB00198F57 /* VirtualVacations-Info.plist */ = {isa = PBXFileReference; lastKnownFileType = text.plist.xml; path = "VirtualVacations-Info.plist"; sourceTree = "<group>"; };
		F2E585CA15D3FCEB00198F57 /* en */ = {isa = PBXFileReference; lastKnownFileType = text.plist.strings; name = en; path = en.lproj/InfoPlist.strings; sourceTree = "<group>"; };
		F2E585CC15D3FCEB00198F57 /* main.m */ = {isa = PBXFileReference; lastKnownFileType = sourcecode.c.objc; path = main.m; sourceTree = "<group>"; };
		F2E585CE15D3FCEB00198F57 /* VirtualVacations-Prefix.pch */ = {isa = PBXFileReference; lastKnownFileType = sourcecode.c.h; path = "VirtualVacations-Prefix.pch"; sourceTree = "<group>"; };
		F2E585CF15D3FCEB00198F57 /* AppDelegate.h */ = {isa = PBXFileReference; lastKnownFileType = sourcecode.c.h; path = AppDelegate.h; sourceTree = "<group>"; };
		F2E585D015D3FCEB00198F57 /* AppDelegate.m */ = {isa = PBXFileReference; lastKnownFileType = sourcecode.c.objc; path = AppDelegate.m; sourceTree = "<group>"; };
		F2E585D315D3FCEB00198F57 /* en */ = {isa = PBXFileReference; lastKnownFileType = file.storyboard; name = en; path = en.lproj/MainStoryboard.storyboard; sourceTree = "<group>"; };
		F2E585E115D3FE1500198F57 /* CoreData.framework */ = {isa = PBXFileReference; lastKnownFileType = wrapper.framework; name = CoreData.framework; path = System/Library/Frameworks/CoreData.framework; sourceTree = SDKROOT; };
/* End PBXFileReference section */

/* Begin PBXFrameworksBuildPhase section */
		F2E585B915D3FCEB00198F57 /* Frameworks */ = {
			isa = PBXFrameworksBuildPhase;
			buildActionMask = 2147483647;
			files = (
				F28F8E0A15E4592D0091EF47 /* CoreLocation.framework in Frameworks */,
				F28F8E0815E4590E0091EF47 /* MapKit.framework in Frameworks */,
				F2E585E215D3FE1500198F57 /* CoreData.framework in Frameworks */,
				F2E585C115D3FCEB00198F57 /* UIKit.framework in Frameworks */,
				F2E585C315D3FCEB00198F57 /* Foundation.framework in Frameworks */,
				F2E585C515D3FCEB00198F57 /* CoreGraphics.framework in Frameworks */,
			);
			runOnlyForDeploymentPostprocessing = 0;
		};
/* End PBXFrameworksBuildPhase section */

/* Begin PBXGroup section */
		F28F8E1B15E4718D0091EF47 /* FlickrFetcher */ = {
			isa = PBXGroup;
			children = (
				F296864D15D3FF540009238C /* FlickrAPIKey.h */,
				F296864E15D3FF540009238C /* FlickrFetcher.h */,
				F296864F15D3FF540009238C /* FlickrFetcher.m */,
			);
			name = FlickrFetcher;
			sourceTree = "<group>";
		};
		F28F8E3C15E484680091EF47 /* CoreData */ = {
			isa = PBXGroup;
			children = (
				F28F8E8E15E4FC4A0091EF47 /* Tag.h */,
				F28F8E9415E4FC4E0091EF47 /* Place.h */,
				F28F8E9515E4FC4E0091EF47 /* Place.m */,
				F28F8E9115E4FC4C0091EF47 /* Photo.h */,
				F28F8E9215E4FC4D0091EF47 /* Photo.m */,
				F28F8E8F15E4FC4A0091EF47 /* Tag.m */,
				F28F8E3915E484560091EF47 /* VritualVacations.xcdatamodeld */,
				F28F8E8B15E4FB060091EF47 /* Tag+Create.h */,
				F28F8E8C15E4FB060091EF47 /* Tag+Create.m */,
				F28F8E4615E487590091EF47 /* Place+Create.h */,
				F28F8E4715E487590091EF47 /* Place+Create.m */,
				F28F8E4315E486720091EF47 /* Photo+Flickr.h */,
				F28F8E4415E486720091EF47 /* Photo+Flickr.m */,
			);
			name = CoreData;
			sourceTree = "<group>";
		};
		F2E585B115D3FCEB00198F57 = {
			isa = PBXGroup;
			children = (
				F2E585C615D3FCEB00198F57 /* VirtualVacations */,
				F2E585BF15D3FCEB00198F57 /* Frameworks */,
				F2E585BD15D3FCEB00198F57 /* Products */,
			);
			sourceTree = "<group>";
		};
		F2E585BD15D3FCEB00198F57 /* Products */ = {
			isa = PBXGroup;
			children = (
				F2E585BC15D3FCEB00198F57 /* VirtualVacations.app */,
			);
			name = Products;
			sourceTree = "<group>";
		};
		F2E585BF15D3FCEB00198F57 /* Frameworks */ = {
			isa = PBXGroup;
			children = (
				F28F8E0915E4592D0091EF47 /* CoreLocation.framework */,
				F28F8E0715E4590E0091EF47 /* MapKit.framework */,
				F2E585E115D3FE1500198F57 /* CoreData.framework */,
				F2E585C015D3FCEB00198F57 /* UIKit.framework */,
				F2E585C215D3FCEB00198F57 /* Foundation.framework */,
				F2E585C415D3FCEB00198F57 /* CoreGraphics.framework */,
			);
			name = Frameworks;
			sourceTree = "<group>";
		};
		F2E585C615D3FCEB00198F57 /* VirtualVacations */ = {
			isa = PBXGroup;
			children = (
				F28F8DFE15E44A5D0091EF47 /* FlickrPhotoViewController.h */,
				F28F8DFF15E44A5D0091EF47 /* FlickrPhotoViewController.m */,
				F28F8DF015E4498B0091EF47 /* PhotoMapViewController.h */,
				F28F8E1B15E4718D0091EF47 /* FlickrFetcher */,
				F28F8DF115E4498B0091EF47 /* PhotoMapViewController.m */,
				F28F8E0315E456E70091EF47 /* TopPlacesTableViewController.h */,
				F28F8E0415E456E70091EF47 /* TopPlacesTableViewController.m */,
				F28F8DF315E4498B0091EF47 /* PlaceMapViewController.h */,
				F28F8DF415E4498C0091EF47 /* PlaceMapViewController.m */,
				F28F8DF515E4498C0091EF47 /* RecentsStore.h */,
				F28F8DF615E4498C0091EF47 /* RecentsStore.m */,
				F28F8E3615E47CA60091EF47 /* ImageViewController.h */,
				F28F8E3C15E484680091EF47 /* CoreData */,
				F28F8E3715E47CA60091EF47 /* ImageViewController.m */,
				F28F8DF715E4498C0091EF47 /* RecentsTableViewController.h */,
				F28F8DF815E4498C0091EF47 /* RecentsTableViewController.m */,
				F296864915D3FF3F0009238C /* CoreDataTableViewController.h */,
				F28F8DEA15E4494F0091EF47 /* FlickrPhotoAnnotation.h */,
				F28F8DEB15E4494F0091EF47 /* FlickrPhotoAnnotation.m */,
				F28F8DEC15E4494F0091EF47 /* FlickrPlaceAnnotation.h */,
				F28F8DED15E4494F0091EF47 /* FlickrPlaceAnnotation.m */,
				F296864A15D3FF3F0009238C /* CoreDataTableViewController.m */,
				F2E585D215D3FCEB00198F57 /* MainStoryboard.storyboard */,
				F28F8E6115E4A1CD0091EF47 /* ItineraryTableViewController.h */,
				F28F8E6215E4A1CE0091EF47 /* ItineraryTableViewController.m */,
				F28F8E6415E4A1EA0091EF47 /* TagSearchTableViewController.h */,
				F28F8E6515E4A1EB0091EF47 /* TagSearchTableViewController.m */,
				F28F8E5E15E4998F0091EF47 /* VacationDocumentTypeViewController.h */,
				F28F8E5F15E4998F0091EF47 /* VacationDocumentTypeViewController.m */,
				F28F8E5B15E4963F0091EF47 /* VacationDocumentTableViewController.h */,
				F28F8E5C15E496400091EF47 /* VacationDocumentTableViewController.m */,
				F28F8E0B15E45A390091EF47 /* PlaceTableViewController.h */,
				F28F8E0C15E45A390091EF47 /* PlaceTableViewController.m */,
				F2E585C715D3FCEB00198F57 /* Supporting Files */,
				F28F8E1715E46A430091EF47 /* PhotoTableViewController.h */,
				F28F8E1815E46A430091EF47 /* PhotoTableViewController.m */,
			);
			path = VirtualVacations;
			sourceTree = "<group>";
		};
		F2E585C715D3FCEB00198F57 /* Supporting Files */ = {
			isa = PBXGroup;
			children = (
				F2E585CF15D3FCEB00198F57 /* AppDelegate.h */,
				F2E585D015D3FCEB00198F57 /* AppDelegate.m */,
				F28F8E1C15E4780F0091EF47 /* Default.png */,
				F28F8E1D15E4780F0091EF47 /* Default@2x.png */,
				F28F8E1E15E4780F0091EF47 /* Icon-72.png */,
				F28F8E1F15E4780F0091EF47 /* Icon-Small-50.png */,
				F28F8E2015E4780F0091EF47 /* Icon-Small.png */,
				F28F8E2115E4780F0091EF47 /* Icon-Small@2x.png */,
				F28F8E9B15E51AA00091EF47 /* checked.png */,
				F28F8E9C15E51AA00091EF47 /* unchecked.png */,
				F28F8E2215E4780F0091EF47 /* Icon.png */,
				F28F8E2315E4780F0091EF47 /* Icon@2x.png */,
				F28F8E2415E4780F0091EF47 /* iTunesArtwork */,
				F28F8DF215E4498B0091EF47 /* Placeholder.png */,
				F2E585C815D3FCEB00198F57 /* VirtualVacations-Info.plist */,
				F2E585C915D3FCEB00198F57 /* InfoPlist.strings */,
				F2E585CC15D3FCEB00198F57 /* main.m */,
				F2E585CE15D3FCEB00198F57 /* VirtualVacations-Prefix.pch */,
			);
			name = "Supporting Files";
			sourceTree = "<group>";
		};
/* End PBXGroup section */

/* Begin PBXNativeTarget section */
		F2E585BB15D3FCEB00198F57 /* VirtualVacations */ = {
			isa = PBXNativeTarget;
			buildConfigurationList = F2E585DA15D3FCEB00198F57 /* Build configuration list for PBXNativeTarget "VirtualVacations" */;
			buildPhases = (
				F2E585B815D3FCEB00198F57 /* Sources */,
				F2E585B915D3FCEB00198F57 /* Frameworks */,
				F2E585BA15D3FCEB00198F57 /* Resources */,
			);
			buildRules = (
			);
			dependencies = (
			);
			name = VirtualVacations;
			productName = VirtualVacations;
			productReference = F2E585BC15D3FCEB00198F57 /* VirtualVacations.app */;
			productType = "com.apple.product-type.application";
		};
/* End PBXNativeTarget section */

/* Begin PBXProject section */
		F2E585B315D3FCEB00198F57 /* Project object */ = {
			isa = PBXProject;
			attributes = {
				LastUpgradeCheck = 0440;
				ORGANIZATIONNAME = "Norimasa Nabeta";
			};
			buildConfigurationList = F2E585B615D3FCEB00198F57 /* Build configuration list for PBXProject "VirtualVacations" */;
			compatibilityVersion = "Xcode 3.2";
			developmentRegion = English;
			hasScannedForEncodings = 0;
			knownRegions = (
				en,
			);
			mainGroup = F2E585B115D3FCEB00198F57;
			productRefGroup = F2E585BD15D3FCEB00198F57 /* Products */;
			projectDirPath = "";
			projectRoot = "";
			targets = (
				F2E585BB15D3FCEB00198F57 /* VirtualVacations */,
			);
		};
/* End PBXProject section */

/* Begin PBXResourcesBuildPhase section */
		F2E585BA15D3FCEB00198F57 /* Resources */ = {
			isa = PBXResourcesBuildPhase;
			buildActionMask = 2147483647;
			files = (
				F2E585CB15D3FCEB00198F57 /* InfoPlist.strings in Resources */,
				F2E585D415D3FCEB00198F57 /* MainStoryboard.storyboard in Resources */,
				F28F8DFA15E4498C0091EF47 /* Placeholder.png in Resources */,
				F28F8E2515E4780F0091EF47 /* Default.png in Resources */,
				F28F8E2615E4780F0091EF47 /* Default@2x.png in Resources */,
				F28F8E2715E4780F0091EF47 /* Icon-72.png in Resources */,
				F28F8E2815E4780F0091EF47 /* Icon-Small-50.png in Resources */,
				F28F8E2915E4780F0091EF47 /* Icon-Small.png in Resources */,
				F28F8E2A15E4780F0091EF47 /* Icon-Small@2x.png in Resources */,
				F28F8E2B15E4780F0091EF47 /* Icon.png in Resources */,
				F28F8E2C15E4780F0091EF47 /* Icon@2x.png in Resources */,
				F28F8E2D15E4780F0091EF47 /* iTunesArtwork in Resources */,
				F28F8E9D15E51AA00091EF47 /* checked.png in Resources */,
				F28F8E9E15E51AA00091EF47 /* unchecked.png in Resources */,
			);
			runOnlyForDeploymentPostprocessing = 0;
		};
/* End PBXResourcesBuildPhase section */

/* Begin PBXSourcesBuildPhase section */
		F2E585B815D3FCEB00198F57 /* Sources */ = {
			isa = PBXSourcesBuildPhase;
			buildActionMask = 2147483647;
			files = (
				F2E585CD15D3FCEB00198F57 /* main.m in Sources */,
				F2E585D115D3FCEB00198F57 /* AppDelegate.m in Sources */,
				F296864B15D3FF3F0009238C /* CoreDataTableViewController.m in Sources */,
				F296865015D3FF540009238C /* FlickrFetcher.m in Sources */,
				F28F8DEE15E4494F0091EF47 /* FlickrPhotoAnnotation.m in Sources */,
				F28F8DEF15E4494F0091EF47 /* FlickrPlaceAnnotation.m in Sources */,
				F28F8DF915E4498C0091EF47 /* PhotoMapViewController.m in Sources */,
				F28F8DFB15E4498C0091EF47 /* PlaceMapViewController.m in Sources */,
				F28F8DFC15E4498C0091EF47 /* RecentsStore.m in Sources */,
				F28F8DFD15E4498C0091EF47 /* RecentsTableViewController.m in Sources */,
				F28F8E0015E44A5D0091EF47 /* FlickrPhotoViewController.m in Sources */,
				F28F8E0615E456E70091EF47 /* TopPlacesTableViewController.m in Sources */,
				F28F8E0D15E45A390091EF47 /* PlaceTableViewController.m in Sources */,
				F28F8E1915E46A430091EF47 /* PhotoTableViewController.m in Sources */,
				F28F8E3815E47CA60091EF47 /* ImageViewController.m in Sources */,
				F28F8E3B15E484560091EF47 /* VritualVacations.xcdatamodeld in Sources */,
				F28F8E4515E486720091EF47 /* Photo+Flickr.m in Sources */,
				F28F8E4815E487590091EF47 /* Place+Create.m in Sources */,
				F28F8E5D15E496400091EF47 /* VacationDocumentTableViewController.m in Sources */,
				F28F8E6015E499900091EF47 /* VacationDocumentTypeViewController.m in Sources */,
				F28F8E6315E4A1CF0091EF47 /* ItineraryTableViewController.m in Sources */,
				F28F8E6615E4A1EB0091EF47 /* TagSearchTableViewController.m in Sources */,
				F28F8E8D15E4FB070091EF47 /* Tag+Create.m in Sources */,
				F28F8E9015E4FC4B0091EF47 /* Tag.m in Sources */,
				F28F8E9315E4FC4D0091EF47 /* Photo.m in Sources */,
				F28F8E9615E4FC4F0091EF47 /* Place.m in Sources */,
			);
			runOnlyForDeploymentPostprocessing = 0;
		};
/* End PBXSourcesBuildPhase section */

/* Begin PBXVariantGroup section */
		F2E585C915D3FCEB00198F57 /* InfoPlist.strings */ = {
			isa = PBXVariantGroup;
			children = (
				F2E585CA15D3FCEB00198F57 /* en */,
			);
			name = InfoPlist.strings;
			sourceTree = "<group>";
		};
		F2E585D215D3FCEB00198F57 /* MainStoryboard.storyboard */ = {
			isa = PBXVariantGroup;
			children = (
				F2E585D315D3FCEB00198F57 /* en */,
			);
			name = MainStoryboard.storyboard;
			sourceTree = "<group>";
		};
/* End PBXVariantGroup section */

/* Begin XCBuildConfiguration section */
		F2E585D815D3FCEB00198F57 /* Debug */ = {
			isa = XCBuildConfiguration;
			buildSettings = {
				ALWAYS_SEARCH_USER_PATHS = NO;
				ARCHS = "$(ARCHS_STANDARD_32_BIT)";
				CLANG_CXX_LANGUAGE_STANDARD = "gnu++0x";
				CLANG_ENABLE_OBJC_ARC = YES;
				CLANG_WARN__DUPLICATE_METHOD_MATCH = YES;
				"CODE_SIGN_IDENTITY[sdk=iphoneos*]" = "iPhone Developer";
				COPY_PHASE_STRIP = NO;
				GCC_C_LANGUAGE_STANDARD = gnu99;
				GCC_DYNAMIC_NO_PIC = NO;
				GCC_OPTIMIZATION_LEVEL = 0;
				GCC_PREPROCESSOR_DEFINITIONS = (
					"DEBUG=1",
					"$(inherited)",
				);
				GCC_SYMBOLS_PRIVATE_EXTERN = NO;
				GCC_VERSION = com.apple.compilers.llvm.clang.1_0;
				GCC_WARN_ABOUT_RETURN_TYPE = YES;
				GCC_WARN_UNINITIALIZED_AUTOS = YES;
				GCC_WARN_UNUSED_VARIABLE = YES;
				IPHONEOS_DEPLOYMENT_TARGET = 5.1;
				SDKROOT = iphoneos;
			};
			name = Debug;
		};
		F2E585D915D3FCEB00198F57 /* Release */ = {
			isa = XCBuildConfiguration;
			buildSettings = {
				ALWAYS_SEARCH_USER_PATHS = NO;
				ARCHS = "$(ARCHS_STANDARD_32_BIT)";
				CLANG_CXX_LANGUAGE_STANDARD = "gnu++0x";
				CLANG_ENABLE_OBJC_ARC = YES;
				CLANG_WARN__DUPLICATE_METHOD_MATCH = YES;
				"CODE_SIGN_IDENTITY[sdk=iphoneos*]" = "iPhone Developer";
				COPY_PHASE_STRIP = YES;
				GCC_C_LANGUAGE_STANDARD = gnu99;
				GCC_VERSION = com.apple.compilers.llvm.clang.1_0;
				GCC_WARN_ABOUT_RETURN_TYPE = YES;
				GCC_WARN_UNINITIALIZED_AUTOS = YES;
				GCC_WARN_UNUSED_VARIABLE = YES;
				IPHONEOS_DEPLOYMENT_TARGET = 5.1;
				OTHER_CFLAGS = "-DNS_BLOCK_ASSERTIONS=1";
				SDKROOT = iphoneos;
				VALIDATE_PRODUCT = YES;
			};
			name = Release;
		};
		F2E585DB15D3FCEB00198F57 /* Debug */ = {
			isa = XCBuildConfiguration;
			buildSettings = {
				GCC_PRECOMPILE_PREFIX_HEADER = YES;
				GCC_PREFIX_HEADER = "VirtualVacations/VirtualVacations-Prefix.pch";
				INFOPLIST_FILE = "VirtualVacations/VirtualVacations-Info.plist";
				PRODUCT_NAME = "$(TARGET_NAME)";
				WRAPPER_EXTENSION = app;
			};
			name = Debug;
		};
		F2E585DC15D3FCEB00198F57 /* Release */ = {
			isa = XCBuildConfiguration;
			buildSettings = {
				GCC_PRECOMPILE_PREFIX_HEADER = YES;
				GCC_PREFIX_HEADER = "VirtualVacations/VirtualVacations-Prefix.pch";
				INFOPLIST_FILE = "VirtualVacations/VirtualVacations-Info.plist";
				PRODUCT_NAME = "$(TARGET_NAME)";
				WRAPPER_EXTENSION = app;
			};
			name = Release;
		};
/* End XCBuildConfiguration section */

/* Begin XCConfigurationList section */
		F2E585B615D3FCEB00198F57 /* Build configuration list for PBXProject "VirtualVacations" */ = {
			isa = XCConfigurationList;
			buildConfigurations = (
				F2E585D815D3FCEB00198F57 /* Debug */,
				F2E585D915D3FCEB00198F57 /* Release */,
			);
			defaultConfigurationIsVisible = 0;
			defaultConfigurationName = Release;
		};
		F2E585DA15D3FCEB00198F57 /* Build configuration list for PBXNativeTarget "VirtualVacations" */ = {
			isa = XCConfigurationList;
			buildConfigurations = (
				F2E585DB15D3FCEB00198F57 /* Debug */,
				F2E585DC15D3FCEB00198F57 /* Release */,
			);
			defaultConfigurationIsVisible = 0;
			defaultConfigurationName = Release;
		};
/* End XCConfigurationList section */

/* Begin XCVersionGroup section */
		F28F8E3915E484560091EF47 /* VritualVacations.xcdatamodeld */ = {
			isa = XCVersionGroup;
			children = (
				F28F8E3A15E484560091EF47 /* VritualVacations.xcdatamodel */,
			);
			currentVersion = F28F8E3A15E484560091EF47 /* VritualVacations.xcdatamodel */;
			path = VritualVacations.xcdatamodeld;
			sourceTree = "<group>";
			versionGroupType = wrapper.xcdatamodel;
		};
/* End XCVersionGroup section */
	};
	rootObject = F2E585B315D3FCEB00198F57 /* Project object */;
}
